
Microsoft Visual Studio Solution File, Format Version 12.00
# Visual Studio 14
VisualStudioVersion = 14.0.24720.0
MinimumVisualStudioVersion = 10.0.40219.1
Project("{FAE04EC0-301F-11D3-BF4B-00C04F79EFBC}") = "SPARQLtoSQL", "SPARQLtoSQL\SPARQLtoSQL.csproj", "{518EE818-EC5E-4E78-B40B-DD89ED7C25A8}"
EndProject
Project("{FAE04EC0-301F-11D3-BF4B-00C04F79EFBC}") = "dotNetRDF", "..\..\dotnetrdf-develop\Libraries\core\net40\dotNetRDF.csproj", "{BFBAC159-1E60-4D03-8ACA-D34E31EB83BF}"
EndProject
Project("{FAE04EC0-301F-11D3-BF4B-00C04F79EFBC}") = "SPARQLtoSQL.Test", "SPARQLtoSQL.Test\SPARQLtoSQL.Test.csproj", "{722C0087-A81F-4ABF-BD73-D68225FF7CDE}"
EndProject
Project("{FAE04EC0-301F-11D3-BF4B-00C04F79EFBC}") = "MappingGenerator", "..\..\..\Code\MappingGenerator\MappingGenerator\MappingGenerator.csproj", "{87D6AB79-0A21-47C2-A127-C3E560CB03CD}"
EndProject
Global
	GlobalSection(SolutionConfigurationPlatforms) = preSolution
		Debug|Any CPU = Debug|Any CPU
		Release|Any CPU = Release|Any CPU
	EndGlobalSection
	GlobalSection(ProjectConfigurationPlatforms) = postSolution
		{518EE818-EC5E-4E78-B40B-DD89ED7C25A8}.Debug|Any CPU.ActiveCfg = Debug|Any CPU
		{518EE818-EC5E-4E78-B40B-DD89ED7C25A8}.Debug|Any CPU.Build.0 = Debug|Any CPU
		{518EE818-EC5E-4E78-B40B-DD89ED7C25A8}.Release|Any CPU.ActiveCfg = Release|Any CPU
		{518EE818-EC5E-4E78-B40B-DD89ED7C25A8}.Release|Any CPU.Build.0 = Release|Any CPU
		{BFBAC159-1E60-4D03-8ACA-D34E31EB83BF}.Debug|Any CPU.ActiveCfg = Debug|Any CPU
		{BFBAC159-1E60-4D03-8ACA-D34E31EB83BF}.Debug|Any CPU.Build.0 = Debug|Any CPU
		{BFBAC159-1E60-4D03-8ACA-D34E31EB83BF}.Release|Any CPU.ActiveCfg = Release|Any CPU
		{BFBAC159-1E60-4D03-8ACA-D34E31EB83BF}.Release|Any CPU.Build.0 = Release|Any CPU
		{722C0087-A81F-4ABF-BD73-D68225FF7CDE}.Debug|Any CPU.ActiveCfg = Debug|Any CPU
		{722C0087-A81F-4ABF-BD73-D68225FF7CDE}.Debug|Any CPU.Build.0 = Debug|Any CPU
		{722C0087-A81F-4ABF-BD73-D68225FF7CDE}.Release|Any CPU.ActiveCfg = Release|Any CPU
		{722C0087-A81F-4ABF-BD73-D68225FF7CDE}.Release|Any CPU.Build.0 = Release|Any CPU
		{87D6AB79-0A21-47C2-A127-C3E560CB03CD}.Debug|Any CPU.ActiveCfg = Debug|Any CPU
		{87D6AB79-0A21-47C2-A127-C3E560CB03CD}.Debug|Any CPU.Build.0 = Debug|Any CPU
		{87D6AB79-0A21-47C2-A127-C3E560CB03CD}.Release|Any CPU.ActiveCfg = Release|Any CPU
		{87D6AB79-0A21-47C2-A127-C3E560CB03CD}.Release|Any CPU.Build.0 = Release|Any CPU
	EndGlobalSection
	GlobalSection(SolutionProperties) = preSolution
		HideSolutionNode = FALSE
	EndGlobalSection
EndGlobal
